
Microsoft Visual Studio Solution File, Format Version 12.00
# Visual Studio Version 17
VisualStudioVersion = 17.0.31919.166
MinimumVisualStudioVersion = 10.0.40219.1
Project("{FAE04EC0-301F-11D3-BF4B-00C04F79EFBC}") = "Demon Panel", "Demon Panel.csproj", "{95B0A3E6-5DD5-4684-B345-A734374D23BB}"
EndProject
Global
	GlobalSection(SolutionConfigurationPlatforms) = preSolution
		Debug|Any CPU = Debug|Any CPU
		Release|Any CPU = Release|Any CPU
	EndGlobalSection
	GlobalSection(ProjectConfigurationPlatforms) = postSolution
		{95B0A3E6-5DD5-4684-B345-A734374D23BB}.Debug|Any CPU.ActiveCfg = Debug|Any CPU
		{95B0A3E6-5DD5-4684-B345-A734374D23BB}.Debug|Any CPU.Build.0 = Debug|Any CPU
		{95B0A3E6-5DD5-4684-B345-A734374D23BB}.Release|Any CPU.ActiveCfg = Release|Any CPU
		{95B0A3E6-5DD5-4684-B345-A734374D23BB}.Release|Any CPU.Build.0 = Release|Any CPU
	EndGlobalSection
	GlobalSection(SolutionProperties) = preSolution
		HideSolutionNode = FALSE
	EndGlobalSection
	GlobalSection(ExtensibilityGlobals) = postSolution
		SolutionGuid = {8E76A598-9DAF-4377-B0AF-21360CBC6AE5}
	EndGlobalSection
EndGlobal
